
Microsoft Visual Studio Solution File, Format Version 12.00
# Visual Studio 15
VisualStudioVersion = 15.0.28307.421
MinimumVisualStudioVersion = 10.0.40219.1
Project("{888888A0-9F3D-457C-B088-3A5042F75D52}") = "Task_4", "Task_4\Task_4.pyproj", "{A1A9D410-BEB1-4FF2-93A7-23D372EBC105}"
EndProject
Global
	GlobalSection(SolutionConfigurationPlatforms) = preSolution
		Debug|Any CPU = Debug|Any CPU
		Release|Any CPU = Release|Any CPU
	EndGlobalSection
	GlobalSection(ProjectConfigurationPlatforms) = postSolution
		{A1A9D410-BEB1-4FF2-93A7-23D372EBC105}.Debug|Any CPU.ActiveCfg = Debug|Any CPU
		{A1A9D410-BEB1-4FF2-93A7-23D372EBC105}.Release|Any CPU.ActiveCfg = Release|Any CPU
	EndGlobalSection
	GlobalSection(SolutionProperties) = preSolution
		HideSolutionNode = FALSE
	EndGlobalSection
	GlobalSection(ExtensibilityGlobals) = postSolution
		SolutionGuid = {58BCA10B-B479-4A45-B7A1-DF935A953A7E}
	EndGlobalSection
EndGlobal
