
Microsoft Visual Studio Solution File, Format Version 12.00
# Visual Studio 15
VisualStudioVersion = 15.0.28307.421
MinimumVisualStudioVersion = 10.0.40219.1
Project("{888888A0-9F3D-457C-B088-3A5042F75D52}") = "T_3_dec", "T_3_dec\T_3_dec.pyproj", "{0CF78FC0-A8DD-41DA-9DB9-A79C68DB9361}"
EndProject
Global
	GlobalSection(SolutionConfigurationPlatforms) = preSolution
		Debug|Any CPU = Debug|Any CPU
		Release|Any CPU = Release|Any CPU
	EndGlobalSection
	GlobalSection(ProjectConfigurationPlatforms) = postSolution
		{0CF78FC0-A8DD-41DA-9DB9-A79C68DB9361}.Debug|Any CPU.ActiveCfg = Debug|Any CPU
		{0CF78FC0-A8DD-41DA-9DB9-A79C68DB9361}.Release|Any CPU.ActiveCfg = Release|Any CPU
	EndGlobalSection
	GlobalSection(SolutionProperties) = preSolution
		HideSolutionNode = FALSE
	EndGlobalSection
	GlobalSection(ExtensibilityGlobals) = postSolution
		SolutionGuid = {4D15B6DD-EA65-4602-B64C-955E9C2953C5}
	EndGlobalSection
EndGlobal
